
Microsoft Visual Studio Solution File, Format Version 12.00
# Visual Studio Version 17
VisualStudioVersion = 17.0.32112.339
MinimumVisualStudioVersion = 10.0.40219.1
Project("{FAE04EC0-301F-11D3-BF4B-00C04F79EFBC}") = "FluxorScopedServiceExample", "FluxorScopedServiceExample\FluxorScopedServiceExample.csproj", "{3EAE0A08-0FE2-46CA-803A-C5D86DF95000}"
EndProject
Global
	GlobalSection(SolutionConfigurationPlatforms) = preSolution
		Debug|Any CPU = Debug|Any CPU
		Release|Any CPU = Release|Any CPU
	EndGlobalSection
	GlobalSection(ProjectConfigurationPlatforms) = postSolution
		{3EAE0A08-0FE2-46CA-803A-C5D86DF95000}.Debug|Any CPU.ActiveCfg = Debug|Any CPU
		{3EAE0A08-0FE2-46CA-803A-C5D86DF95000}.Debug|Any CPU.Build.0 = Debug|Any CPU
		{3EAE0A08-0FE2-46CA-803A-C5D86DF95000}.Release|Any CPU.ActiveCfg = Release|Any CPU
		{3EAE0A08-0FE2-46CA-803A-C5D86DF95000}.Release|Any CPU.Build.0 = Release|Any CPU
	EndGlobalSection
	GlobalSection(SolutionProperties) = preSolution
		HideSolutionNode = FALSE
	EndGlobalSection
	GlobalSection(ExtensibilityGlobals) = postSolution
		SolutionGuid = {4E466195-697A-430E-9605-8702907706C4}
	EndGlobalSection
EndGlobal
